
Microsoft Visual Studio Solution File, Format Version 12.00
# Visual Studio Version 17
VisualStudioVersion = 17.7.34009.444
MinimumVisualStudioVersion = 10.0.40219.1
Project("{FAE04EC0-301F-11D3-BF4B-00C04F79EFBC}") = "19 - valores dentro de um intervalo - for", "19 - valores dentro de um intervalo - for.csproj", "{373EC5D3-5BED-46DA-A785-AF03ADB39FDB}"
EndProject
Global
	GlobalSection(SolutionConfigurationPlatforms) = preSolution
		Debug|Any CPU = Debug|Any CPU
		Release|Any CPU = Release|Any CPU
	EndGlobalSection
	GlobalSection(ProjectConfigurationPlatforms) = postSolution
		{373EC5D3-5BED-46DA-A785-AF03ADB39FDB}.Debug|Any CPU.ActiveCfg = Debug|Any CPU
		{373EC5D3-5BED-46DA-A785-AF03ADB39FDB}.Debug|Any CPU.Build.0 = Debug|Any CPU
		{373EC5D3-5BED-46DA-A785-AF03ADB39FDB}.Release|Any CPU.ActiveCfg = Release|Any CPU
		{373EC5D3-5BED-46DA-A785-AF03ADB39FDB}.Release|Any CPU.Build.0 = Release|Any CPU
	EndGlobalSection
	GlobalSection(SolutionProperties) = preSolution
		HideSolutionNode = FALSE
	EndGlobalSection
	GlobalSection(ExtensibilityGlobals) = postSolution
		SolutionGuid = {97FC6380-82FD-417D-8E29-66056213C7CC}
	EndGlobalSection
EndGlobal
