
Microsoft Visual Studio Solution File, Format Version 12.00
# Visual Studio Version 17
VisualStudioVersion = 17.7.34009.444
MinimumVisualStudioVersion = 10.0.40219.1
Project("{FAE04EC0-301F-11D3-BF4B-00C04F79EFBC}") = "06 - Area de Figuras Geometricas", "06 - Area de Figuras Geometricas.csproj", "{E7ADEC79-8D74-4141-A0EE-366000DE7FFB}"
EndProject
Global
	GlobalSection(SolutionConfigurationPlatforms) = preSolution
		Debug|Any CPU = Debug|Any CPU
		Release|Any CPU = Release|Any CPU
	EndGlobalSection
	GlobalSection(ProjectConfigurationPlatforms) = postSolution
		{E7ADEC79-8D74-4141-A0EE-366000DE7FFB}.Debug|Any CPU.ActiveCfg = Debug|Any CPU
		{E7ADEC79-8D74-4141-A0EE-366000DE7FFB}.Debug|Any CPU.Build.0 = Debug|Any CPU
		{E7ADEC79-8D74-4141-A0EE-366000DE7FFB}.Release|Any CPU.ActiveCfg = Release|Any CPU
		{E7ADEC79-8D74-4141-A0EE-366000DE7FFB}.Release|Any CPU.Build.0 = Release|Any CPU
	EndGlobalSection
	GlobalSection(SolutionProperties) = preSolution
		HideSolutionNode = FALSE
	EndGlobalSection
	GlobalSection(ExtensibilityGlobals) = postSolution
		SolutionGuid = {A3FB63CE-34A9-4186-8566-DDF1648ECE8B}
	EndGlobalSection
EndGlobal
