
Microsoft Visual Studio Solution File, Format Version 12.00
# Visual Studio Version 17
VisualStudioVersion = 17.7.34009.444
MinimumVisualStudioVersion = 10.0.40219.1
Project("{FAE04EC0-301F-11D3-BF4B-00C04F79EFBC}") = "10 - Diferenca entre duas horas", "10 - Diferenca entre duas horas.csproj", "{06EDA937-03C9-40B7-B7C9-7DDB52FC5468}"
EndProject
Global
	GlobalSection(SolutionConfigurationPlatforms) = preSolution
		Debug|Any CPU = Debug|Any CPU
		Release|Any CPU = Release|Any CPU
	EndGlobalSection
	GlobalSection(ProjectConfigurationPlatforms) = postSolution
		{06EDA937-03C9-40B7-B7C9-7DDB52FC5468}.Debug|Any CPU.ActiveCfg = Debug|Any CPU
		{06EDA937-03C9-40B7-B7C9-7DDB52FC5468}.Debug|Any CPU.Build.0 = Debug|Any CPU
		{06EDA937-03C9-40B7-B7C9-7DDB52FC5468}.Release|Any CPU.ActiveCfg = Release|Any CPU
		{06EDA937-03C9-40B7-B7C9-7DDB52FC5468}.Release|Any CPU.Build.0 = Release|Any CPU
	EndGlobalSection
	GlobalSection(SolutionProperties) = preSolution
		HideSolutionNode = FALSE
	EndGlobalSection
	GlobalSection(ExtensibilityGlobals) = postSolution
		SolutionGuid = {68B50939-DB7C-4D5D-9E02-91840C214F7B}
	EndGlobalSection
EndGlobal
