
Microsoft Visual Studio Solution File, Format Version 12.00
# Visual Studio Version 17
VisualStudioVersion = 17.7.34009.444
MinimumVisualStudioVersion = 10.0.40219.1
Project("{FAE04EC0-301F-11D3-BF4B-00C04F79EFBC}") = "12 - valor dentro de um intervalor com if", "12 - valor dentro de um intervalor com if.csproj", "{F8E6AE5E-AF14-4B85-944E-6276CDA28210}"
EndProject
Global
	GlobalSection(SolutionConfigurationPlatforms) = preSolution
		Debug|Any CPU = Debug|Any CPU
		Release|Any CPU = Release|Any CPU
	EndGlobalSection
	GlobalSection(ProjectConfigurationPlatforms) = postSolution
		{F8E6AE5E-AF14-4B85-944E-6276CDA28210}.Debug|Any CPU.ActiveCfg = Debug|Any CPU
		{F8E6AE5E-AF14-4B85-944E-6276CDA28210}.Debug|Any CPU.Build.0 = Debug|Any CPU
		{F8E6AE5E-AF14-4B85-944E-6276CDA28210}.Release|Any CPU.ActiveCfg = Release|Any CPU
		{F8E6AE5E-AF14-4B85-944E-6276CDA28210}.Release|Any CPU.Build.0 = Release|Any CPU
	EndGlobalSection
	GlobalSection(SolutionProperties) = preSolution
		HideSolutionNode = FALSE
	EndGlobalSection
	GlobalSection(ExtensibilityGlobals) = postSolution
		SolutionGuid = {82EB4F9E-627F-4386-A62A-050A61C2C173}
	EndGlobalSection
EndGlobal
